
Microsoft Visual Studio Solution File, Format Version 12.00
# Visual Studio 2013
VisualStudioVersion = 12.0.40629.0
MinimumVisualStudioVersion = 10.0.40219.1
Project("{FAE04EC0-301F-11D3-BF4B-00C04F79EFBC}") = "AIGS", "AIGS.csproj", "{E0F1B398-B4D4-4536-9135-BE2EB077BBB2}"
EndProject
Global
	GlobalSection(SolutionConfigurationPlatforms) = preSolution
		_x64_win32_|Any CPU = _x64_win32_|Any CPU
		_x64_win32_|Mixed Platforms = _x64_win32_|Mixed Platforms
		_x64_win32_|Win32 = _x64_win32_|Win32
		_x64_win32_|x64 = _x64_win32_|x64
		_x64_win32_|x86 = _x64_win32_|x86
		1703|Any CPU = 1703|Any CPU
		1703|Mixed Platforms = 1703|Mixed Platforms
		1703|Win32 = 1703|Win32
		1703|x64 = 1703|x64
		1703|x86 = 1703|x86
		Debug|Any CPU = Debug|Any CPU
		Debug|Mixed Platforms = Debug|Mixed Platforms
		Debug|Win32 = Debug|Win32
		Debug|x64 = Debug|x64
		Debug|x86 = Debug|x86
		DebugDll|Any CPU = DebugDll|Any CPU
		DebugDll|Mixed Platforms = DebugDll|Mixed Platforms
		DebugDll|Win32 = DebugDll|Win32
		DebugDll|x64 = DebugDll|x64
		DebugDll|x86 = DebugDll|x86
		EXPAK_Debug|Any CPU = EXPAK_Debug|Any CPU
		EXPAK_Debug|Mixed Platforms = EXPAK_Debug|Mixed Platforms
		EXPAK_Debug|Win32 = EXPAK_Debug|Win32
		EXPAK_Debug|x64 = EXPAK_Debug|x64
		EXPAK_Debug|x86 = EXPAK_Debug|x86
		KINTR_Debug|Any CPU = KINTR_Debug|Any CPU
		KINTR_Debug|Mixed Platforms = KINTR_Debug|Mixed Platforms
		KINTR_Debug|Win32 = KINTR_Debug|Win32
		KINTR_Debug|x64 = KINTR_Debug|x64
		KINTR_Debug|x86 = KINTR_Debug|x86
		netlabel_adduid_debug|Any CPU = netlabel_adduid_debug|Any CPU
		netlabel_adduid_debug|Mixed Platforms = netlabel_adduid_debug|Mixed Platforms
		netlabel_adduid_debug|Win32 = netlabel_adduid_debug|Win32
		netlabel_adduid_debug|x64 = netlabel_adduid_debug|x64
		netlabel_adduid_debug|x86 = netlabel_adduid_debug|x86
		netlabel_adduid_release|Any CPU = netlabel_adduid_release|Any CPU
		netlabel_adduid_release|Mixed Platforms = netlabel_adduid_release|Mixed Platforms
		netlabel_adduid_release|Win32 = netlabel_adduid_release|Win32
		netlabel_adduid_release|x64 = netlabel_adduid_release|x64
		netlabel_adduid_release|x86 = netlabel_adduid_release|x86
		netlabel_Debug|Any CPU = netlabel_Debug|Any CPU
		netlabel_Debug|Mixed Platforms = netlabel_Debug|Mixed Platforms
		netlabel_Debug|Win32 = netlabel_Debug|Win32
		netlabel_Debug|x64 = netlabel_Debug|x64
		netlabel_Debug|x86 = netlabel_Debug|x86
		netlabel_release|Any CPU = netlabel_release|Any CPU
		netlabel_release|Mixed Platforms = netlabel_release|Mixed Platforms
		netlabel_release|Win32 = netlabel_release|Win32
		netlabel_release|x64 = netlabel_release|x64
		netlabel_release|x86 = netlabel_release|x86
		NEW_TEST|Any CPU = NEW_TEST|Any CPU
		NEW_TEST|Mixed Platforms = NEW_TEST|Mixed Platforms
		NEW_TEST|Win32 = NEW_TEST|Win32
		NEW_TEST|x64 = NEW_TEST|x64
		NEW_TEST|x86 = NEW_TEST|x86
		Online_Debug|Any CPU = Online_Debug|Any CPU
		Online_Debug|Mixed Platforms = Online_Debug|Mixed Platforms
		Online_Debug|Win32 = Online_Debug|Win32
		Online_Debug|x64 = Online_Debug|x64
		Online_Debug|x86 = Online_Debug|x86
		Online_x64|Any CPU = Online_x64|Any CPU
		Online_x64|Mixed Platforms = Online_x64|Mixed Platforms
		Online_x64|Win32 = Online_x64|Win32
		Online_x64|x64 = Online_x64|x64
		Online_x64|x86 = Online_x64|x86
		RELEASE_Debug|Any CPU = RELEASE_Debug|Any CPU
		RELEASE_Debug|Mixed Platforms = RELEASE_Debug|Mixed Platforms
		RELEASE_Debug|Win32 = RELEASE_Debug|Win32
		RELEASE_Debug|x64 = RELEASE_Debug|x64
		RELEASE_Debug|x86 = RELEASE_Debug|x86
		Release_Lib|Any CPU = Release_Lib|Any CPU
		Release_Lib|Mixed Platforms = Release_Lib|Mixed Platforms
		Release_Lib|Win32 = Release_Lib|Win32
		Release_Lib|x64 = Release_Lib|x64
		Release_Lib|x86 = Release_Lib|x86
		Release|Any CPU = Release|Any CPU
		Release|Mixed Platforms = Release|Mixed Platforms
		Release|Win32 = Release|Win32
		Release|x64 = Release|x64
		Release|x86 = Release|x86
		ReleaseDll|Any CPU = ReleaseDll|Any CPU
		ReleaseDll|Mixed Platforms = ReleaseDll|Mixed Platforms
		ReleaseDll|Win32 = ReleaseDll|Win32
		ReleaseDll|x64 = ReleaseDll|x64
		ReleaseDll|x86 = ReleaseDll|x86
		Template|Any CPU = Template|Any CPU
		Template|Mixed Platforms = Template|Mixed Platforms
		Template|Win32 = Template|Win32
		Template|x64 = Template|x64
		Template|x86 = Template|x86
		x64_Debug|Any CPU = x64_Debug|Any CPU
		x64_Debug|Mixed Platforms = x64_Debug|Mixed Platforms
		x64_Debug|Win32 = x64_Debug|Win32
		x64_Debug|x64 = x64_Debug|x64
		x64_Debug|x86 = x64_Debug|x86
	EndGlobalSection
	GlobalSection(ProjectConfigurationPlatforms) = postSolution
		{E0F1B398-B4D4-4536-9135-BE2EB077BBB2}._x64_win32_|Any CPU.ActiveCfg = Release|Any CPU
		{E0F1B398-B4D4-4536-9135-BE2EB077BBB2}._x64_win32_|Mixed Platforms.ActiveCfg = Release|Any CPU
		{E0F1B398-B4D4-4536-9135-BE2EB077BBB2}._x64_win32_|Win32.ActiveCfg = Release|Any CPU
		{E0F1B398-B4D4-4536-9135-BE2EB077BBB2}._x64_win32_|x64.ActiveCfg = Release|Any CPU
		{E0F1B398-B4D4-4536-9135-BE2EB077BBB2}._x64_win32_|x86.ActiveCfg = Release|Any CPU
		{E0F1B398-B4D4-4536-9135-BE2EB077BBB2}.1703|Any CPU.ActiveCfg = Release|Any CPU
		{E0F1B398-B4D4-4536-9135-BE2EB077BBB2}.1703|Mixed Platforms.ActiveCfg = Release|Any CPU
		{E0F1B398-B4D4-4536-9135-BE2EB077BBB2}.1703|Win32.ActiveCfg = Release|Any CPU
		{E0F1B398-B4D4-4536-9135-BE2EB077BBB2}.1703|x64.ActiveCfg = Release|Any CPU
		{E0F1B398-B4D4-4536-9135-BE2EB077BBB2}.1703|x86.ActiveCfg = Release|Any CPU
		{E0F1B398-B4D4-4536-9135-BE2EB077BBB2}.Debug|Any CPU.ActiveCfg = Debug|Any CPU
		{E0F1B398-B4D4-4536-9135-BE2EB077BBB2}.Debug|Any CPU.Build.0 = Debug|Any CPU
		{E0F1B398-B4D4-4536-9135-BE2EB077BBB2}.Debug|Mixed Platforms.ActiveCfg = Debug|Any CPU
		{E0F1B398-B4D4-4536-9135-BE2EB077BBB2}.Debug|Win32.ActiveCfg = Debug|Any CPU
		{E0F1B398-B4D4-4536-9135-BE2EB077BBB2}.Debug|x64.ActiveCfg = Debug|Any CPU
		{E0F1B398-B4D4-4536-9135-BE2EB077BBB2}.Debug|x86.ActiveCfg = Debug|Any CPU
		{E0F1B398-B4D4-4536-9135-BE2EB077BBB2}.DebugDll|Any CPU.ActiveCfg = Debug|Any CPU
		{E0F1B398-B4D4-4536-9135-BE2EB077BBB2}.DebugDll|Mixed Platforms.ActiveCfg = Debug|Any CPU
		{E0F1B398-B4D4-4536-9135-BE2EB077BBB2}.DebugDll|Win32.ActiveCfg = Debug|Any CPU
		{E0F1B398-B4D4-4536-9135-BE2EB077BBB2}.DebugDll|x64.ActiveCfg = Debug|Any CPU
		{E0F1B398-B4D4-4536-9135-BE2EB077BBB2}.DebugDll|x86.ActiveCfg = Debug|Any CPU
		{E0F1B398-B4D4-4536-9135-BE2EB077BBB2}.EXPAK_Debug|Any CPU.ActiveCfg = Debug|Any CPU
		{E0F1B398-B4D4-4536-9135-BE2EB077BBB2}.EXPAK_Debug|Mixed Platforms.ActiveCfg = Debug|Any CPU
		{E0F1B398-B4D4-4536-9135-BE2EB077BBB2}.EXPAK_Debug|Win32.ActiveCfg = Debug|Any CPU
		{E0F1B398-B4D4-4536-9135-BE2EB077BBB2}.EXPAK_Debug|x64.ActiveCfg = Debug|Any CPU
		{E0F1B398-B4D4-4536-9135-BE2EB077BBB2}.EXPAK_Debug|x86.ActiveCfg = Debug|Any CPU
		{E0F1B398-B4D4-4536-9135-BE2EB077BBB2}.KINTR_Debug|Any CPU.ActiveCfg = Debug|Any CPU
		{E0F1B398-B4D4-4536-9135-BE2EB077BBB2}.KINTR_Debug|Mixed Platforms.ActiveCfg = Debug|Any CPU
		{E0F1B398-B4D4-4536-9135-BE2EB077BBB2}.KINTR_Debug|Win32.ActiveCfg = Debug|Any CPU
		{E0F1B398-B4D4-4536-9135-BE2EB077BBB2}.KINTR_Debug|x64.ActiveCfg = Debug|Any CPU
		{E0F1B398-B4D4-4536-9135-BE2EB077BBB2}.KINTR_Debug|x86.ActiveCfg = Debug|Any CPU
		{E0F1B398-B4D4-4536-9135-BE2EB077BBB2}.netlabel_adduid_debug|Any CPU.ActiveCfg = Release|Any CPU
		{E0F1B398-B4D4-4536-9135-BE2EB077BBB2}.netlabel_adduid_debug|Mixed Platforms.ActiveCfg = Release|Any CPU
		{E0F1B398-B4D4-4536-9135-BE2EB077BBB2}.netlabel_adduid_debug|Win32.ActiveCfg = Release|Any CPU
		{E0F1B398-B4D4-4536-9135-BE2EB077BBB2}.netlabel_adduid_debug|x64.ActiveCfg = Release|Any CPU
		{E0F1B398-B4D4-4536-9135-BE2EB077BBB2}.netlabel_adduid_debug|x86.ActiveCfg = Release|Any CPU
		{E0F1B398-B4D4-4536-9135-BE2EB077BBB2}.netlabel_adduid_release|Any CPU.ActiveCfg = Release|Any CPU
		{E0F1B398-B4D4-4536-9135-BE2EB077BBB2}.netlabel_adduid_release|Mixed Platforms.ActiveCfg = Release|Any CPU
		{E0F1B398-B4D4-4536-9135-BE2EB077BBB2}.netlabel_adduid_release|Win32.ActiveCfg = Release|Any CPU
		{E0F1B398-B4D4-4536-9135-BE2EB077BBB2}.netlabel_adduid_release|x64.ActiveCfg = Release|Any CPU
		{E0F1B398-B4D4-4536-9135-BE2EB077BBB2}.netlabel_adduid_release|x86.ActiveCfg = Release|Any CPU
		{E0F1B398-B4D4-4536-9135-BE2EB077BBB2}.netlabel_Debug|Any CPU.ActiveCfg = Debug|Any CPU
		{E0F1B398-B4D4-4536-9135-BE2EB077BBB2}.netlabel_Debug|Mixed Platforms.ActiveCfg = Debug|Any CPU
		{E0F1B398-B4D4-4536-9135-BE2EB077BBB2}.netlabel_Debug|Win32.ActiveCfg = Debug|Any CPU
		{E0F1B398-B4D4-4536-9135-BE2EB077BBB2}.netlabel_Debug|x64.ActiveCfg = Debug|Any CPU
		{E0F1B398-B4D4-4536-9135-BE2EB077BBB2}.netlabel_Debug|x86.ActiveCfg = Debug|Any CPU
		{E0F1B398-B4D4-4536-9135-BE2EB077BBB2}.netlabel_release|Any CPU.ActiveCfg = Release|Any CPU
		{E0F1B398-B4D4-4536-9135-BE2EB077BBB2}.netlabel_release|Mixed Platforms.ActiveCfg = Release|Any CPU
		{E0F1B398-B4D4-4536-9135-BE2EB077BBB2}.netlabel_release|Win32.ActiveCfg = Release|Any CPU
		{E0F1B398-B4D4-4536-9135-BE2EB077BBB2}.netlabel_release|x64.ActiveCfg = Release|Any CPU
		{E0F1B398-B4D4-4536-9135-BE2EB077BBB2}.netlabel_release|x86.ActiveCfg = Release|Any CPU
		{E0F1B398-B4D4-4536-9135-BE2EB077BBB2}.NEW_TEST|Any CPU.ActiveCfg = Release|Any CPU
		{E0F1B398-B4D4-4536-9135-BE2EB077BBB2}.NEW_TEST|Mixed Platforms.ActiveCfg = Release|Any CPU
		{E0F1B398-B4D4-4536-9135-BE2EB077BBB2}.NEW_TEST|Win32.ActiveCfg = Release|Any CPU
		{E0F1B398-B4D4-4536-9135-BE2EB077BBB2}.NEW_TEST|x64.ActiveCfg = Release|Any CPU
		{E0F1B398-B4D4-4536-9135-BE2EB077BBB2}.NEW_TEST|x86.ActiveCfg = Release|Any CPU
		{E0F1B398-B4D4-4536-9135-BE2EB077BBB2}.Online_Debug|Any CPU.ActiveCfg = Debug|Any CPU
		{E0F1B398-B4D4-4536-9135-BE2EB077BBB2}.Online_Debug|Mixed Platforms.ActiveCfg = Debug|Any CPU
		{E0F1B398-B4D4-4536-9135-BE2EB077BBB2}.Online_Debug|Win32.ActiveCfg = Debug|Any CPU
		{E0F1B398-B4D4-4536-9135-BE2EB077BBB2}.Online_Debug|x64.ActiveCfg = Debug|Any CPU
		{E0F1B398-B4D4-4536-9135-BE2EB077BBB2}.Online_Debug|x86.ActiveCfg = Debug|Any CPU
		{E0F1B398-B4D4-4536-9135-BE2EB077BBB2}.Online_x64|Any CPU.ActiveCfg = Release|Any CPU
		{E0F1B398-B4D4-4536-9135-BE2EB077BBB2}.Online_x64|Mixed Platforms.ActiveCfg = Release|Any CPU
		{E0F1B398-B4D4-4536-9135-BE2EB077BBB2}.Online_x64|Win32.ActiveCfg = Release|Any CPU
		{E0F1B398-B4D4-4536-9135-BE2EB077BBB2}.Online_x64|x64.ActiveCfg = Release|Any CPU
		{E0F1B398-B4D4-4536-9135-BE2EB077BBB2}.Online_x64|x86.ActiveCfg = Release|Any CPU
		{E0F1B398-B4D4-4536-9135-BE2EB077BBB2}.RELEASE_Debug|Any CPU.ActiveCfg = Release|Any CPU
		{E0F1B398-B4D4-4536-9135-BE2EB077BBB2}.RELEASE_Debug|Mixed Platforms.ActiveCfg = Release|Any CPU
		{E0F1B398-B4D4-4536-9135-BE2EB077BBB2}.RELEASE_Debug|Win32.ActiveCfg = Release|Any CPU
		{E0F1B398-B4D4-4536-9135-BE2EB077BBB2}.RELEASE_Debug|x64.ActiveCfg = Release|Any CPU
		{E0F1B398-B4D4-4536-9135-BE2EB077BBB2}.RELEASE_Debug|x86.ActiveCfg = Release|Any CPU
		{E0F1B398-B4D4-4536-9135-BE2EB077BBB2}.Release_Lib|Any CPU.ActiveCfg = Release|Any CPU
		{E0F1B398-B4D4-4536-9135-BE2EB077BBB2}.Release_Lib|Mixed Platforms.ActiveCfg = Release|Any CPU
		{E0F1B398-B4D4-4536-9135-BE2EB077BBB2}.Release_Lib|Win32.ActiveCfg = Release|Any CPU
		{E0F1B398-B4D4-4536-9135-BE2EB077BBB2}.Release_Lib|x64.ActiveCfg = Release|Any CPU
		{E0F1B398-B4D4-4536-9135-BE2EB077BBB2}.Release_Lib|x86.ActiveCfg = Release|Any CPU
		{E0F1B398-B4D4-4536-9135-BE2EB077BBB2}.Release|Any CPU.ActiveCfg = Release|Any CPU
		{E0F1B398-B4D4-4536-9135-BE2EB077BBB2}.Release|Any CPU.Build.0 = Release|Any CPU
		{E0F1B398-B4D4-4536-9135-BE2EB077BBB2}.Release|Mixed Platforms.ActiveCfg = Release|Any CPU
		{E0F1B398-B4D4-4536-9135-BE2EB077BBB2}.Release|Win32.ActiveCfg = Release|Any CPU
		{E0F1B398-B4D4-4536-9135-BE2EB077BBB2}.Release|x64.ActiveCfg = Release|Any CPU
		{E0F1B398-B4D4-4536-9135-BE2EB077BBB2}.Release|x86.ActiveCfg = Release|Any CPU
		{E0F1B398-B4D4-4536-9135-BE2EB077BBB2}.ReleaseDll|Any CPU.ActiveCfg = Release|Any CPU
		{E0F1B398-B4D4-4536-9135-BE2EB077BBB2}.ReleaseDll|Mixed Platforms.ActiveCfg = Release|Any CPU
		{E0F1B398-B4D4-4536-9135-BE2EB077BBB2}.ReleaseDll|Win32.ActiveCfg = Release|Any CPU
		{E0F1B398-B4D4-4536-9135-BE2EB077BBB2}.ReleaseDll|x64.ActiveCfg = Release|Any CPU
		{E0F1B398-B4D4-4536-9135-BE2EB077BBB2}.ReleaseDll|x86.ActiveCfg = Release|Any CPU
		{E0F1B398-B4D4-4536-9135-BE2EB077BBB2}.Template|Any CPU.ActiveCfg = Release|Any CPU
		{E0F1B398-B4D4-4536-9135-BE2EB077BBB2}.Template|Mixed Platforms.ActiveCfg = Release|Any CPU
		{E0F1B398-B4D4-4536-9135-BE2EB077BBB2}.Template|Win32.ActiveCfg = Release|Any CPU
		{E0F1B398-B4D4-4536-9135-BE2EB077BBB2}.Template|x64.ActiveCfg = Release|Any CPU
		{E0F1B398-B4D4-4536-9135-BE2EB077BBB2}.Template|x86.ActiveCfg = Release|Any CPU
		{E0F1B398-B4D4-4536-9135-BE2EB077BBB2}.x64_Debug|Any CPU.ActiveCfg = Debug|Any CPU
		{E0F1B398-B4D4-4536-9135-BE2EB077BBB2}.x64_Debug|Mixed Platforms.ActiveCfg = Debug|Any CPU
		{E0F1B398-B4D4-4536-9135-BE2EB077BBB2}.x64_Debug|Win32.ActiveCfg = Debug|Any CPU
		{E0F1B398-B4D4-4536-9135-BE2EB077BBB2}.x64_Debug|x64.ActiveCfg = Debug|Any CPU
		{E0F1B398-B4D4-4536-9135-BE2EB077BBB2}.x64_Debug|x86.ActiveCfg = Debug|Any CPU
	EndGlobalSection
	GlobalSection(SolutionProperties) = preSolution
		HideSolutionNode = FALSE
	EndGlobalSection
EndGlobal
